
Microsoft Visual Studio Solution File, Format Version 12.00
# Visual Studio Version 17
VisualStudioVersion = 17.4.33110.190
MinimumVisualStudioVersion = 10.0.40219.1
Project("{FAE04EC0-301F-11D3-BF4B-00C04F79EFBC}") = "st_Mihailova_telecom1_projectApp", "st_Mihailova_telecom1_projectApp\st_Mihailova_telecom1_projectApp.csproj", "{30DA029A-0B6C-48FD-A7EB-DDEB0AE47AB2}"
EndProject
Global
	GlobalSection(SolutionConfigurationPlatforms) = preSolution
		Debug|Any CPU = Debug|Any CPU
		Release|Any CPU = Release|Any CPU
	EndGlobalSection
	GlobalSection(ProjectConfigurationPlatforms) = postSolution
		{30DA029A-0B6C-48FD-A7EB-DDEB0AE47AB2}.Debug|Any CPU.ActiveCfg = Debug|Any CPU
		{30DA029A-0B6C-48FD-A7EB-DDEB0AE47AB2}.Debug|Any CPU.Build.0 = Debug|Any CPU
		{30DA029A-0B6C-48FD-A7EB-DDEB0AE47AB2}.Release|Any CPU.ActiveCfg = Release|Any CPU
		{30DA029A-0B6C-48FD-A7EB-DDEB0AE47AB2}.Release|Any CPU.Build.0 = Release|Any CPU
	EndGlobalSection
	GlobalSection(SolutionProperties) = preSolution
		HideSolutionNode = FALSE
	EndGlobalSection
	GlobalSection(ExtensibilityGlobals) = postSolution
		SolutionGuid = {2684F4E3-85CD-4A4C-A18C-CFA4F06B4FB9}
	EndGlobalSection
EndGlobal
